version = 1
revision = 3
requires-python = ">=3.12"

[[package]]
name = "bank-transactions"
version = "0.1.0"
source = { virtual = "." }
dependencies = [
    { name = "imap-tools" },
]

[package.metadata]
requires-dist = [{ name = "imap-tools", specifier = ">=1.13.0" }]

[[package]]
name = "imap-tools"
version = "1.13.0"
source = { registry = "https://pypi.org/simple" }
sdist = { url = "https://files.pythonhosted.org/packages/f7/cb/76d8697739439be6dd0261db5a27c945fb6a43e054f2d2e90283be502058/imap_tools-1.13.0.tar.gz", hash = "sha256:0da0d72c921a724cba09b959bad9bfaf60bca537a697e69a076fdf607ef5775c", size = 47683, upload-time = "2026-05-12T07:14:54.488Z" }
wheels = [
    { url = "https://files.pythonhosted.org/packages/19/a8/0f58c13d2660d5fc8f808ce8b46828d2941752ec21e4015bde99c08b37d7/imap_tools-1.13.0-py3-none-any.whl", hash = "sha256:656c37beba22ab2929b73c07d0ca397ae8805b670d390b1127723e3335244e6d", size = 35849, upload-time = "2026-05-12T07:14:52.669Z" },
]
